
Microsoft Visual Studio Solution File, Format Version 12.00
# Visual Studio Version 17
VisualStudioVersion = 17.3.32929.385
MinimumVisualStudioVersion = 10.0.40219.1
Project("{FAE04EC0-301F-11D3-BF4B-00C04F79EFBC}") = "KnowledgeWorkshop.WebAPI", "KnowledgeWorkshop.WebAPI\KnowledgeWorkshop.WebAPI.csproj", "{6C7967ED-82BE-40FB-9F72-CD507260D66E}"
EndProject
Project("{2150E333-8FDC-42A3-9474-1A3956D46DE8}") = "Solution Items", "Solution Items", "{E24F3CC1-12B6-4ECF-A100-246BA2B87C5A}"
	ProjectSection(SolutionItems) = preProject
		.editorconfig = .editorconfig
	EndProjectSection
EndProject
Project("{FAE04EC0-301F-11D3-BF4B-00C04F79EFBC}") = "KnowledgeWorkshop.WebApp", "KnowledgeWorkshop.WebApp\KnowledgeWorkshop.WebApp.csproj", "{F820D10D-C12E-46B8-9C7F-48741E8464B1}"
EndProject
Global
	GlobalSection(SolutionConfigurationPlatforms) = preSolution
		Debug|Any CPU = Debug|Any CPU
		Release|Any CPU = Release|Any CPU
	EndGlobalSection
	GlobalSection(ProjectConfigurationPlatforms) = postSolution
		{6C7967ED-82BE-40FB-9F72-CD507260D66E}.Debug|Any CPU.ActiveCfg = Debug|Any CPU
		{6C7967ED-82BE-40FB-9F72-CD507260D66E}.Debug|Any CPU.Build.0 = Debug|Any CPU
		{6C7967ED-82BE-40FB-9F72-CD507260D66E}.Release|Any CPU.ActiveCfg = Release|Any CPU
		{6C7967ED-82BE-40FB-9F72-CD507260D66E}.Release|Any CPU.Build.0 = Release|Any CPU
		{F820D10D-C12E-46B8-9C7F-48741E8464B1}.Debug|Any CPU.ActiveCfg = Debug|Any CPU
		{F820D10D-C12E-46B8-9C7F-48741E8464B1}.Debug|Any CPU.Build.0 = Debug|Any CPU
		{F820D10D-C12E-46B8-9C7F-48741E8464B1}.Release|Any CPU.ActiveCfg = Release|Any CPU
		{F820D10D-C12E-46B8-9C7F-48741E8464B1}.Release|Any CPU.Build.0 = Release|Any CPU
	EndGlobalSection
	GlobalSection(SolutionProperties) = preSolution
		HideSolutionNode = FALSE
	EndGlobalSection
	GlobalSection(ExtensibilityGlobals) = postSolution
		SolutionGuid = {0111E7C1-C232-4542-AFE9-5424D750A47D}
	EndGlobalSection
EndGlobal
